// !$*UTF8*$!
{
	archiveVersion = 1;
	classes = {
	};
	objectVersion = 55;
	objects = {

/* Begin PBXBuildFile section */
		8524855928A7867F00222961 /* .gitignore in Resources */ = {isa = PBXBuildFile; fileRef = 8524855828A7867F00222961 /* .gitignore */; };
		8524855C28A786DA00222961 /* APIKey.swift in Sources */ = {isa = PBXBuildFile; fileRef = 8524855B28A786DA00222961 /* APIKey.swift */; };
		8524855E28A7889E00222961 /* WeatherViewController.swift in Sources */ = {isa = PBXBuildFile; fileRef = 8524855D28A7889E00222961 /* WeatherViewController.swift */; };
		8524856128A78E3C00222961 /* EndPoint.swift in Sources */ = {isa = PBXBuildFile; fileRef = 8524856028A78E3C00222961 /* EndPoint.swift */; };
		8524856428A78F4E00222961 /* Alamofire in Frameworks */ = {isa = PBXBuildFile; productRef = 8524856328A78F4E00222961 /* Alamofire */; };
		8524856728A78F6900222961 /* SwiftyJSON in Frameworks */ = {isa = PBXBuildFile; productRef = 8524856628A78F6900222961 /* SwiftyJSON */; };
		8524856A28A7915700222961 /* OpenWeatherMapAPIManager.swift in Sources */ = {isa = PBXBuildFile; fileRef = 8524856928A7915700222961 /* OpenWeatherMapAPIManager.swift */; };
		8524856E28A7A6BD00222961 /* NotoSansKR-Bold.otf in Resources */ = {isa = PBXBuildFile; fileRef = 8524856C28A7A6BD00222961 /* NotoSansKR-Bold.otf */; };
		8524856F28A7A6BD00222961 /* NotoSansKR-Medium.otf in Resources */ = {isa = PBXBuildFile; fileRef = 8524856D28A7A6BD00222961 /* NotoSansKR-Medium.otf */; };
		8537521628A6436C00769D74 /* AppDelegate.swift in Sources */ = {isa = PBXBuildFile; fileRef = 8537521528A6436C00769D74 /* AppDelegate.swift */; };
		8537521828A6436C00769D74 /* SceneDelegate.swift in Sources */ = {isa = PBXBuildFile; fileRef = 8537521728A6436C00769D74 /* SceneDelegate.swift */; };
		8537521D28A6436C00769D74 /* Weather.storyboard in Resources */ = {isa = PBXBuildFile; fileRef = 8537521B28A6436C00769D74 /* Weather.storyboard */; };
		8537521F28A6436D00769D74 /* Assets.xcassets in Resources */ = {isa = PBXBuildFile; fileRef = 8537521E28A6436D00769D74 /* Assets.xcassets */; };
		8537522228A6436D00769D74 /* LaunchScreen.storyboard in Resources */ = {isa = PBXBuildFile; fileRef = 8537522028A6436D00769D74 /* LaunchScreen.storyboard */; };
		8537522A28A6449700769D74 /* Documentation.docc in Sources */ = {isa = PBXBuildFile; fileRef = 8537522928A6449700769D74 /* Documentation.docc */; };
		8552634828A7E2670048C9D4 /* Font.swift in Sources */ = {isa = PBXBuildFile; fileRef = 8552634728A7E2670048C9D4 /* Font.swift */; };
		8552634B28A7E3C80048C9D4 /* DiaryList.storyboard in Resources */ = {isa = PBXBuildFile; fileRef = 8552634A28A7E3C80048C9D4 /* DiaryList.storyboard */; };
		8552634D28A7E3D80048C9D4 /* StoryboardName.swift in Sources */ = {isa = PBXBuildFile; fileRef = 8552634C28A7E3D80048C9D4 /* StoryboardName.swift */; };
		8552634F28A7E42F0048C9D4 /* DiaryListViewController.swift in Sources */ = {isa = PBXBuildFile; fileRef = 8552634E28A7E42F0048C9D4 /* DiaryListViewController.swift */; };
		8552635228A7E48B0048C9D4 /* ReusableViewProtocolswift.swift in Sources */ = {isa = PBXBuildFile; fileRef = 8552635128A7E48B0048C9D4 /* ReusableViewProtocolswift.swift */; };
		8552635C28A7E7D60048C9D4 /* DiaryListCollectionViewCell.swift in Sources */ = {isa = PBXBuildFile; fileRef = 8552635A28A7E7D60048C9D4 /* DiaryListCollectionViewCell.swift */; };
		8552635D28A7E7D60048C9D4 /* DiaryListCollectionViewCell.xib in Resources */ = {isa = PBXBuildFile; fileRef = 8552635B28A7E7D60048C9D4 /* DiaryListCollectionViewCell.xib */; };
		8552636228A7F0AF0048C9D4 /* DiaryDataManager.swift in Sources */ = {isa = PBXBuildFile; fileRef = 8552636128A7F0AF0048C9D4 /* DiaryDataManager.swift */; };
		8552636428A7F10E0048C9D4 /* DiaryModel.swift in Sources */ = {isa = PBXBuildFile; fileRef = 8552636328A7F10E0048C9D4 /* DiaryModel.swift */; };
/* End PBXBuildFile section */

/* Begin PBXFileReference section */
		8524855828A7867F00222961 /* .gitignore */ = {isa = PBXFileReference; lastKnownFileType = text; path = .gitignore; sourceTree = "<group>"; };
		8524855B28A786DA00222961 /* APIKey.swift */ = {isa = PBXFileReference; lastKnownFileType = sourcecode.swift; path = APIKey.swift; sourceTree = "<group>"; };
		8524855D28A7889E00222961 /* WeatherViewController.swift */ = {isa = PBXFileReference; lastKnownFileType = sourcecode.swift; path = WeatherViewController.swift; sourceTree = "<group>"; };
		8524856028A78E3C00222961 /* EndPoint.swift */ = {isa = PBXFileReference; lastKnownFileType = sourcecode.swift; path = EndPoint.swift; sourceTree = "<group>"; };
		8524856928A7915700222961 /* OpenWeatherMapAPIManager.swift */ = {isa = PBXFileReference; lastKnownFileType = sourcecode.swift; path = OpenWeatherMapAPIManager.swift; sourceTree = "<group>"; };
		8524856C28A7A6BD00222961 /* NotoSansKR-Bold.otf */ = {isa = PBXFileReference; lastKnownFileType = file; path = "NotoSansKR-Bold.otf"; sourceTree = "<group>"; };
		8524856D28A7A6BD00222961 /* NotoSansKR-Medium.otf */ = {isa = PBXFileReference; lastKnownFileType = file; path = "NotoSansKR-Medium.otf"; sourceTree = "<group>"; };
		8537521228A6436C00769D74 /* WeatherDiary.app */ = {isa = PBXFileReference; explicitFileType = wrapper.application; includeInIndex = 0; path = WeatherDiary.app; sourceTree = BUILT_PRODUCTS_DIR; };
		8537521528A6436C00769D74 /* AppDelegate.swift */ = {isa = PBXFileReference; lastKnownFileType = sourcecode.swift; path = AppDelegate.swift; sourceTree = "<group>"; };
		8537521728A6436C00769D74 /* SceneDelegate.swift */ = {isa = PBXFileReference; lastKnownFileType = sourcecode.swift; path = SceneDelegate.swift; sourceTree = "<group>"; };
		8537521C28A6436C00769D74 /* Base */ = {isa = PBXFileReference; lastKnownFileType = file.storyboard; name = Base; path = Base.lproj/Weather.storyboard; sourceTree = "<group>"; };
		8537521E28A6436D00769D74 /* Assets.xcassets */ = {isa = PBXFileReference; lastKnownFileType = folder.assetcatalog; path = Assets.xcassets; sourceTree = "<group>"; };
		8537522128A6436D00769D74 /* Base */ = {isa = PBXFileReference; lastKnownFileType = file.storyboard; name = Base; path = Base.lproj/LaunchScreen.storyboard; sourceTree = "<group>"; };
		8537522328A6436D00769D74 /* Info.plist */ = {isa = PBXFileReference; lastKnownFileType = text.plist.xml; path = Info.plist; sourceTree = "<group>"; };
		8537522928A6449700769D74 /* Documentation.docc */ = {isa = PBXFileReference; lastKnownFileType = folder.documentationcatalog; path = Documentation.docc; sourceTree = "<group>"; };
		8552634728A7E2670048C9D4 /* Font.swift */ = {isa = PBXFileReference; lastKnownFileType = sourcecode.swift; path = Font.swift; sourceTree = "<group>"; };
		8552634A28A7E3C80048C9D4 /* DiaryList.storyboard */ = {isa = PBXFileReference; lastKnownFileType = file.storyboard; path = DiaryList.storyboard; sourceTree = "<group>"; };
		8552634C28A7E3D80048C9D4 /* StoryboardName.swift */ = {isa = PBXFileReference; lastKnownFileType = sourcecode.swift; path = StoryboardName.swift; sourceTree = "<group>"; };
		8552634E28A7E42F0048C9D4 /* DiaryListViewController.swift */ = {isa = PBXFileReference; lastKnownFileType = sourcecode.swift; path = DiaryListViewController.swift; sourceTree = "<group>"; };
		8552635128A7E48B0048C9D4 /* ReusableViewProtocolswift.swift */ = {isa = PBXFileReference; lastKnownFileType = sourcecode.swift; path = ReusableViewProtocolswift.swift; sourceTree = "<group>"; };
		8552635A28A7E7D60048C9D4 /* DiaryListCollectionViewCell.swift */ = {isa = PBXFileReference; lastKnownFileType = sourcecode.swift; path = DiaryListCollectionViewCell.swift; sourceTree = "<group>"; };
		8552635B28A7E7D60048C9D4 /* DiaryListCollectionViewCell.xib */ = {isa = PBXFileReference; lastKnownFileType = file.xib; path = DiaryListCollectionViewCell.xib; sourceTree = "<group>"; };
		8552636128A7F0AF0048C9D4 /* DiaryDataManager.swift */ = {isa = PBXFileReference; lastKnownFileType = sourcecode.swift; path = DiaryDataManager.swift; sourceTree = "<group>"; };
		8552636328A7F10E0048C9D4 /* DiaryModel.swift */ = {isa = PBXFileReference; lastKnownFileType = sourcecode.swift; path = DiaryModel.swift; sourceTree = "<group>"; };
/* End PBXFileReference section */

/* Begin PBXFrameworksBuildPhase section */
		8537520F28A6436C00769D74 /* Frameworks */ = {
			isa = PBXFrameworksBuildPhase;
			buildActionMask = 2147483647;
			files = (
				8524856728A78F6900222961 /* SwiftyJSON in Frameworks */,
				8524856428A78F4E00222961 /* Alamofire in Frameworks */,
			);
			runOnlyForDeploymentPostprocessing = 0;
		};
/* End PBXFrameworksBuildPhase section */

/* Begin PBXGroup section */
		8524855A28A786B600222961 /* Key */ = {
			isa = PBXGroup;
			children = (
				8524855B28A786DA00222961 /* APIKey.swift */,
				8524856028A78E3C00222961 /* EndPoint.swift */,
			);
			path = Key;
			sourceTree = "<group>";
		};
		8524855F28A788BE00222961 /* Weather */ = {
			isa = PBXGroup;
			children = (
				8524855D28A7889E00222961 /* WeatherViewController.swift */,
				8537521B28A6436C00769D74 /* Weather.storyboard */,
			);
			path = Weather;
			sourceTree = "<group>";
		};
		8524856828A7902000222961 /* APIManager */ = {
			isa = PBXGroup;
			children = (
				8524856928A7915700222961 /* OpenWeatherMapAPIManager.swift */,
			);
			path = APIManager;
			sourceTree = "<group>";
		};
		8524856B28A7A4E900222961 /* Resource */ = {
			isa = PBXGroup;
			children = (
				8524856C28A7A6BD00222961 /* NotoSansKR-Bold.otf */,
				8524856D28A7A6BD00222961 /* NotoSansKR-Medium.otf */,
			);
			path = Resource;
			sourceTree = "<group>";
		};
		8537520928A6436C00769D74 = {
			isa = PBXGroup;
			children = (
				8524855828A7867F00222961 /* .gitignore */,
				8537522928A6449700769D74 /* Documentation.docc */,
				8537521428A6436C00769D74 /* WeatherDiary */,
				8537521328A6436C00769D74 /* Products */,
			);
			sourceTree = "<group>";
		};
		8537521328A6436C00769D74 /* Products */ = {
			isa = PBXGroup;
			children = (
				8537521228A6436C00769D74 /* WeatherDiary.app */,
			);
			name = Products;
			sourceTree = "<group>";
		};
		8537521428A6436C00769D74 /* WeatherDiary */ = {
			isa = PBXGroup;
			children = (
				8552635F28A7F0890048C9D4 /* Manager */,
				8552635328A7E77D0048C9D4 /* View */,
				8552635028A7E4460048C9D4 /* Protocol */,
				8552634928A7E3870048C9D4 /* DiaryList */,
				8552634628A7E24B0048C9D4 /* Model */,
				8524856B28A7A4E900222961 /* Resource */,
				8524855F28A788BE00222961 /* Weather */,
				8524855A28A786B600222961 /* Key */,
				8537521528A6436C00769D74 /* AppDelegate.swift */,
				8537521728A6436C00769D74 /* SceneDelegate.swift */,
				8537521E28A6436D00769D74 /* Assets.xcassets */,
				8537522028A6436D00769D74 /* LaunchScreen.storyboard */,
				8537522328A6436D00769D74 /* Info.plist */,
			);
			path = WeatherDiary;
			sourceTree = "<group>";
		};
		8552634628A7E24B0048C9D4 /* Model */ = {
			isa = PBXGroup;
			children = (
				8552634728A7E2670048C9D4 /* Font.swift */,
				8552634C28A7E3D80048C9D4 /* StoryboardName.swift */,
				8552636328A7F10E0048C9D4 /* DiaryModel.swift */,
			);
			path = Model;
			sourceTree = "<group>";
		};
		8552634928A7E3870048C9D4 /* DiaryList */ = {
			isa = PBXGroup;
			children = (
				8552634A28A7E3C80048C9D4 /* DiaryList.storyboard */,
				8552634E28A7E42F0048C9D4 /* DiaryListViewController.swift */,
			);
			path = DiaryList;
			sourceTree = "<group>";
		};
		8552635028A7E4460048C9D4 /* Protocol */ = {
			isa = PBXGroup;
			children = (
				8552635128A7E48B0048C9D4 /* ReusableViewProtocolswift.swift */,
			);
			path = Protocol;
			sourceTree = "<group>";
		};
		8552635328A7E77D0048C9D4 /* View */ = {
			isa = PBXGroup;
			children = (
				8552635A28A7E7D60048C9D4 /* DiaryListCollectionViewCell.swift */,
				8552635B28A7E7D60048C9D4 /* DiaryListCollectionViewCell.xib */,
			);
			path = View;
			sourceTree = "<group>";
		};
		8552635F28A7F0890048C9D4 /* Manager */ = {
			isa = PBXGroup;
			children = (
				8552636028A7F09C0048C9D4 /* DataManager */,
				8524856828A7902000222961 /* APIManager */,
			);
			path = Manager;
			sourceTree = "<group>";
		};
		8552636028A7F09C0048C9D4 /* DataManager */ = {
			isa = PBXGroup;
			children = (
				8552636128A7F0AF0048C9D4 /* DiaryDataManager.swift */,
			);
			path = DataManager;
			sourceTree = "<group>";
		};
/* End PBXGroup section */

/* Begin PBXNativeTarget section */
		8537521128A6436C00769D74 /* WeatherDiary */ = {
			isa = PBXNativeTarget;
			buildConfigurationList = 8537522628A6436D00769D74 /* Build configuration list for PBXNativeTarget "WeatherDiary" */;
			buildPhases = (
				8537520E28A6436C00769D74 /* Sources */,
				8537520F28A6436C00769D74 /* Frameworks */,
				8537521028A6436C00769D74 /* Resources */,
			);
			buildRules = (
			);
			dependencies = (
			);
			name = WeatherDiary;
			packageProductDependencies = (
				8524856328A78F4E00222961 /* Alamofire */,
				8524856628A78F6900222961 /* SwiftyJSON */,
			);
			productName = WeatherDiary;
			productReference = 8537521228A6436C00769D74 /* WeatherDiary.app */;
			productType = "com.apple.product-type.application";
		};
/* End PBXNativeTarget section */

/* Begin PBXProject section */
		8537520A28A6436C00769D74 /* Project object */ = {
			isa = PBXProject;
			attributes = {
				BuildIndependentTargetsInParallel = 1;
				LastSwiftUpdateCheck = 1340;
				LastUpgradeCheck = 1340;
				TargetAttributes = {
					8537521128A6436C00769D74 = {
						CreatedOnToolsVersion = 13.4.1;
					};
				};
			};
			buildConfigurationList = 8537520D28A6436C00769D74 /* Build configuration list for PBXProject "WeatherDiary" */;
			compatibilityVersion = "Xcode 13.0";
			developmentRegion = en;
			hasScannedForEncodings = 0;
			knownRegions = (
				en,
				Base,
			);
			mainGroup = 8537520928A6436C00769D74;
			packageReferences = (
				8524856228A78F4E00222961 /* XCRemoteSwiftPackageReference "Alamofire" */,
				8524856528A78F6900222961 /* XCRemoteSwiftPackageReference "SwiftyJSON" */,
			);
			productRefGroup = 8537521328A6436C00769D74 /* Products */;
			projectDirPath = "";
			projectRoot = "";
			targets = (
				8537521128A6436C00769D74 /* WeatherDiary */,
			);
		};
/* End PBXProject section */

/* Begin PBXResourcesBuildPhase section */
		8537521028A6436C00769D74 /* Resources */ = {
			isa = PBXResourcesBuildPhase;
			buildActionMask = 2147483647;
			files = (
				8524856F28A7A6BD00222961 /* NotoSansKR-Medium.otf in Resources */,
				8524855928A7867F00222961 /* .gitignore in Resources */,
				8552634B28A7E3C80048C9D4 /* DiaryList.storyboard in Resources */,
				8537522228A6436D00769D74 /* LaunchScreen.storyboard in Resources */,
				8552635D28A7E7D60048C9D4 /* DiaryListCollectionViewCell.xib in Resources */,
				8537521F28A6436D00769D74 /* Assets.xcassets in Resources */,
				8537521D28A6436C00769D74 /* Weather.storyboard in Resources */,
				8524856E28A7A6BD00222961 /* NotoSansKR-Bold.otf in Resources */,
			);
			runOnlyForDeploymentPostprocessing = 0;
		};
/* End PBXResourcesBuildPhase section */

/* Begin PBXSourcesBuildPhase section */
		8537520E28A6436C00769D74 /* Sources */ = {
			isa = PBXSourcesBuildPhase;
			buildActionMask = 2147483647;
			files = (
				8552635C28A7E7D60048C9D4 /* DiaryListCollectionViewCell.swift in Sources */,
				8524856128A78E3C00222961 /* EndPoint.swift in Sources */,
				8552635228A7E48B0048C9D4 /* ReusableViewProtocolswift.swift in Sources */,
				8524856A28A7915700222961 /* OpenWeatherMapAPIManager.swift in Sources */,
				8537521628A6436C00769D74 /* AppDelegate.swift in Sources */,
				8524855E28A7889E00222961 /* WeatherViewController.swift in Sources */,
				8552636228A7F0AF0048C9D4 /* DiaryDataManager.swift in Sources */,
				8552634828A7E2670048C9D4 /* Font.swift in Sources */,
				8537521828A6436C00769D74 /* SceneDelegate.swift in Sources */,
				8552634D28A7E3D80048C9D4 /* StoryboardName.swift in Sources */,
				8537522A28A6449700769D74 /* Documentation.docc in Sources */,
				8552634F28A7E42F0048C9D4 /* DiaryListViewController.swift in Sources */,
				8524855C28A786DA00222961 /* APIKey.swift in Sources */,
				8552636428A7F10E0048C9D4 /* DiaryModel.swift in Sources */,
			);
			runOnlyForDeploymentPostprocessing = 0;
		};
/* End PBXSourcesBuildPhase section */

/* Begin PBXVariantGroup section */
		8537521B28A6436C00769D74 /* Weather.storyboard */ = {
			isa = PBXVariantGroup;
			children = (
				8537521C28A6436C00769D74 /* Base */,
			);
			name = Weather.storyboard;
			sourceTree = "<group>";
		};
		8537522028A6436D00769D74 /* LaunchScreen.storyboard */ = {
			isa = PBXVariantGroup;
			children = (
				8537522128A6436D00769D74 /* Base */,
			);
			name = LaunchScreen.storyboard;
			sourceTree = "<group>";
		};
/* End PBXVariantGroup section */

/* Begin XCBuildConfiguration section */
		8537522428A6436D00769D74 /* Debug */ = {
			isa = XCBuildConfiguration;
			buildSettings = {
				ALWAYS_SEARCH_USER_PATHS = NO;
				CLANG_ANALYZER_NONNULL = YES;
				CLANG_ANALYZER_NUMBER_OBJECT_CONVERSION = YES_AGGRESSIVE;
				CLANG_CXX_LANGUAGE_STANDARD = "gnu++17";
				CLANG_ENABLE_MODULES = YES;
				CLANG_ENABLE_OBJC_ARC = YES;
				CLANG_ENABLE_OBJC_WEAK = YES;
				CLANG_WARN_BLOCK_CAPTURE_AUTORELEASING = YES;
				CLANG_WARN_BOOL_CONVERSION = YES;
				CLANG_WARN_COMMA = YES;
				CLANG_WARN_CONSTANT_CONVERSION = YES;
				CLANG_WARN_DEPRECATED_OBJC_IMPLEMENTATIONS = YES;
				CLANG_WARN_DIRECT_OBJC_ISA_USAGE = YES_ERROR;
				CLANG_WARN_DOCUMENTATION_COMMENTS = YES;
				CLANG_WARN_EMPTY_BODY = YES;
				CLANG_WARN_ENUM_CONVERSION = YES;
				CLANG_WARN_INFINITE_RECURSION = YES;
				CLANG_WARN_INT_CONVERSION = YES;
				CLANG_WARN_NON_LITERAL_NULL_CONVERSION = YES;
				CLANG_WARN_OBJC_IMPLICIT_RETAIN_SELF = YES;
				CLANG_WARN_OBJC_LITERAL_CONVERSION = YES;
				CLANG_WARN_OBJC_ROOT_CLASS = YES_ERROR;
				CLANG_WARN_QUOTED_INCLUDE_IN_FRAMEWORK_HEADER = YES;
				CLANG_WARN_RANGE_LOOP_ANALYSIS = YES;
				CLANG_WARN_STRICT_PROTOTYPES = YES;
				CLANG_WARN_SUSPICIOUS_MOVE = YES;
				CLANG_WARN_UNGUARDED_AVAILABILITY = YES_AGGRESSIVE;
				CLANG_WARN_UNREACHABLE_CODE = YES;
				CLANG_WARN__DUPLICATE_METHOD_MATCH = YES;
				COPY_PHASE_STRIP = NO;
				DEBUG_INFORMATION_FORMAT = dwarf;
				ENABLE_STRICT_OBJC_MSGSEND = YES;
				ENABLE_TESTABILITY = YES;
				GCC_C_LANGUAGE_STANDARD = gnu11;
				GCC_DYNAMIC_NO_PIC = NO;
				GCC_NO_COMMON_BLOCKS = YES;
				GCC_OPTIMIZATION_LEVEL = 0;
				GCC_PREPROCESSOR_DEFINITIONS = (
					"DEBUG=1",
					"$(inherited)",
				);
				GCC_WARN_64_TO_32_BIT_CONVERSION = YES;
				GCC_WARN_ABOUT_RETURN_TYPE = YES_ERROR;
				GCC_WARN_UNDECLARED_SELECTOR = YES;
				GCC_WARN_UNINITIALIZED_AUTOS = YES_AGGRESSIVE;
				GCC_WARN_UNUSED_FUNCTION = YES;
				GCC_WARN_UNUSED_VARIABLE = YES;
				IPHONEOS_DEPLOYMENT_TARGET = 15.5;
				MTL_ENABLE_DEBUG_INFO = INCLUDE_SOURCE;
				MTL_FAST_MATH = YES;
				ONLY_ACTIVE_ARCH = YES;
				SDKROOT = iphoneos;
				SWIFT_ACTIVE_COMPILATION_CONDITIONS = DEBUG;
				SWIFT_OPTIMIZATION_LEVEL = "-Onone";
			};
			name = Debug;
		};
		8537522528A6436D00769D74 /* Release */ = {
			isa = XCBuildConfiguration;
			buildSettings = {
				ALWAYS_SEARCH_USER_PATHS = NO;
				CLANG_ANALYZER_NONNULL = YES;
				CLANG_ANALYZER_NUMBER_OBJECT_CONVERSION = YES_AGGRESSIVE;
				CLANG_CXX_LANGUAGE_STANDARD = "gnu++17";
				CLANG_ENABLE_MODULES = YES;
				CLANG_ENABLE_OBJC_ARC = YES;
				CLANG_ENABLE_OBJC_WEAK = YES;
				CLANG_WARN_BLOCK_CAPTURE_AUTORELEASING = YES;
				CLANG_WARN_BOOL_CONVERSION = YES;
				CLANG_WARN_COMMA = YES;
				CLANG_WARN_CONSTANT_CONVERSION = YES;
				CLANG_WARN_DEPRECATED_OBJC_IMPLEMENTATIONS = YES;
				CLANG_WARN_DIRECT_OBJC_ISA_USAGE = YES_ERROR;
				CLANG_WARN_DOCUMENTATION_COMMENTS = YES;
				CLANG_WARN_EMPTY_BODY = YES;
				CLANG_WARN_ENUM_CONVERSION = YES;
				CLANG_WARN_INFINITE_RECURSION = YES;
				CLANG_WARN_INT_CONVERSION = YES;
				CLANG_WARN_NON_LITERAL_NULL_CONVERSION = YES;
				CLANG_WARN_OBJC_IMPLICIT_RETAIN_SELF = YES;
				CLANG_WARN_OBJC_LITERAL_CONVERSION = YES;
				CLANG_WARN_OBJC_ROOT_CLASS = YES_ERROR;
				CLANG_WARN_QUOTED_INCLUDE_IN_FRAMEWORK_HEADER = YES;
				CLANG_WARN_RANGE_LOOP_ANALYSIS = YES;
				CLANG_WARN_STRICT_PROTOTYPES = YES;
				CLANG_WARN_SUSPICIOUS_MOVE = YES;
				CLANG_WARN_UNGUARDED_AVAILABILITY = YES_AGGRESSIVE;
				CLANG_WARN_UNREACHABLE_CODE = YES;
				CLANG_WARN__DUPLICATE_METHOD_MATCH = YES;
				COPY_PHASE_STRIP = NO;
				DEBUG_INFORMATION_FORMAT = "dwarf-with-dsym";
				ENABLE_NS_ASSERTIONS = NO;
				ENABLE_STRICT_OBJC_MSGSEND = YES;
				GCC_C_LANGUAGE_STANDARD = gnu11;
				GCC_NO_COMMON_BLOCKS = YES;
				GCC_WARN_64_TO_32_BIT_CONVERSION = YES;
				GCC_WARN_ABOUT_RETURN_TYPE = YES_ERROR;
				GCC_WARN_UNDECLARED_SELECTOR = YES;
				GCC_WARN_UNINITIALIZED_AUTOS = YES_AGGRESSIVE;
				GCC_WARN_UNUSED_FUNCTION = YES;
				GCC_WARN_UNUSED_VARIABLE = YES;
				IPHONEOS_DEPLOYMENT_TARGET = 15.5;
				MTL_ENABLE_DEBUG_INFO = NO;
				MTL_FAST_MATH = YES;
				SDKROOT = iphoneos;
				SWIFT_COMPILATION_MODE = wholemodule;
				SWIFT_OPTIMIZATION_LEVEL = "-O";
				VALIDATE_PRODUCT = YES;
			};
			name = Release;
		};
		8537522728A6436D00769D74 /* Debug */ = {
			isa = XCBuildConfiguration;
			buildSettings = {
				ASSETCATALOG_COMPILER_APPICON_NAME = AppIcon;
				ASSETCATALOG_COMPILER_GLOBAL_ACCENT_COLOR_NAME = AccentColor;
				CODE_SIGN_STYLE = Automatic;
				CURRENT_PROJECT_VERSION = 1;
				DEVELOPMENT_TEAM = 3K4KWAG7KD;
				GENERATE_INFOPLIST_FILE = YES;
				INFOPLIST_FILE = WeatherDiary/Info.plist;
				INFOPLIST_KEY_CFBundleDisplayName = "날씨일기장";
				INFOPLIST_KEY_UIApplicationSupportsIndirectInputEvents = YES;
				INFOPLIST_KEY_UILaunchStoryboardName = LaunchScreen;
				INFOPLIST_KEY_UIMainStoryboardFile = DiaryList;
				INFOPLIST_KEY_UISupportedInterfaceOrientations = UIInterfaceOrientationPortrait;
				INFOPLIST_KEY_UISupportedInterfaceOrientations_iPad = "UIInterfaceOrientationPortrait UIInterfaceOrientationPortraitUpsideDown UIInterfaceOrientationLandscapeLeft UIInterfaceOrientationLandscapeRight";
				INFOPLIST_KEY_UISupportedInterfaceOrientations_iPhone = "UIInterfaceOrientationPortrait UIInterfaceOrientationLandscapeLeft UIInterfaceOrientationLandscapeRight";
				IPHONEOS_DEPLOYMENT_TARGET = 14.0;
				LD_RUNPATH_SEARCH_PATHS = (
					"$(inherited)",
					"@executable_path/Frameworks",
				);
				MARKETING_VERSION = 1.0;
				PRODUCT_BUNDLE_IDENTIFIER = com.hano.WeatherDiary;
				PRODUCT_NAME = "$(TARGET_NAME)";
				SWIFT_EMIT_LOC_STRINGS = YES;
				SWIFT_VERSION = 5.0;
				TARGETED_DEVICE_FAMILY = "1,2";
			};
			name = Debug;
		};
		8537522828A6436D00769D74 /* Release */ = {
			isa = XCBuildConfiguration;
			buildSettings = {
				ASSETCATALOG_COMPILER_APPICON_NAME = AppIcon;
				ASSETCATALOG_COMPILER_GLOBAL_ACCENT_COLOR_NAME = AccentColor;
				CODE_SIGN_STYLE = Automatic;
				CURRENT_PROJECT_VERSION = 1;
				DEVELOPMENT_TEAM = 3K4KWAG7KD;
				GENERATE_INFOPLIST_FILE = YES;
				INFOPLIST_FILE = WeatherDiary/Info.plist;
				INFOPLIST_KEY_CFBundleDisplayName = "날씨일기장";
				INFOPLIST_KEY_UIApplicationSupportsIndirectInputEvents = YES;
				INFOPLIST_KEY_UILaunchStoryboardName = LaunchScreen;
				INFOPLIST_KEY_UIMainStoryboardFile = DiaryList;
				INFOPLIST_KEY_UISupportedInterfaceOrientations = UIInterfaceOrientationPortrait;
				INFOPLIST_KEY_UISupportedInterfaceOrientations_iPad = "UIInterfaceOrientationPortrait UIInterfaceOrientationPortraitUpsideDown UIInterfaceOrientationLandscapeLeft UIInterfaceOrientationLandscapeRight";
				INFOPLIST_KEY_UISupportedInterfaceOrientations_iPhone = "UIInterfaceOrientationPortrait UIInterfaceOrientationLandscapeLeft UIInterfaceOrientationLandscapeRight";
				IPHONEOS_DEPLOYMENT_TARGET = 14.0;
				LD_RUNPATH_SEARCH_PATHS = (
					"$(inherited)",
					"@executable_path/Frameworks",
				);
				MARKETING_VERSION = 1.0;
				PRODUCT_BUNDLE_IDENTIFIER = com.hano.WeatherDiary;
				PRODUCT_NAME = "$(TARGET_NAME)";
				SWIFT_EMIT_LOC_STRINGS = YES;
				SWIFT_VERSION = 5.0;
				TARGETED_DEVICE_FAMILY = "1,2";
			};
			name = Release;
		};
/* End XCBuildConfiguration section */

/* Begin XCConfigurationList section */
		8537520D28A6436C00769D74 /* Build configuration list for PBXProject "WeatherDiary" */ = {
			isa = XCConfigurationList;
			buildConfigurations = (
				8537522428A6436D00769D74 /* Debug */,
				8537522528A6436D00769D74 /* Release */,
			);
			defaultConfigurationIsVisible = 0;
			defaultConfigurationName = Release;
		};
		8537522628A6436D00769D74 /* Build configuration list for PBXNativeTarget "WeatherDiary" */ = {
			isa = XCConfigurationList;
			buildConfigurations = (
				8537522728A6436D00769D74 /* Debug */,
				8537522828A6436D00769D74 /* Release */,
			);
			defaultConfigurationIsVisible = 0;
			defaultConfigurationName = Release;
		};
/* End XCConfigurationList section */

/* Begin XCRemoteSwiftPackageReference section */
		8524856228A78F4E00222961 /* XCRemoteSwiftPackageReference "Alamofire" */ = {
			isa = XCRemoteSwiftPackageReference;
			repositoryURL = "https://github.com/Alamofire/Alamofire.git";
			requirement = {
				kind = upToNextMajorVersion;
				minimumVersion = 5.0.0;
			};
		};
		8524856528A78F6900222961 /* XCRemoteSwiftPackageReference "SwiftyJSON" */ = {
			isa = XCRemoteSwiftPackageReference;
			repositoryURL = "https://github.com/SwiftyJSON/SwiftyJSON.git";
			requirement = {
				kind = upToNextMajorVersion;
				minimumVersion = 5.0.0;
			};
		};
/* End XCRemoteSwiftPackageReference section */

/* Begin XCSwiftPackageProductDependency section */
		8524856328A78F4E00222961 /* Alamofire */ = {
			isa = XCSwiftPackageProductDependency;
			package = 8524856228A78F4E00222961 /* XCRemoteSwiftPackageReference "Alamofire" */;
			productName = Alamofire;
		};
		8524856628A78F6900222961 /* SwiftyJSON */ = {
			isa = XCSwiftPackageProductDependency;
			package = 8524856528A78F6900222961 /* XCRemoteSwiftPackageReference "SwiftyJSON" */;
			productName = SwiftyJSON;
		};
/* End XCSwiftPackageProductDependency section */
	};
	rootObject = 8537520A28A6436C00769D74 /* Project object */;
}
